
Microsoft Visual Studio Solution File, Format Version 12.00
# Visual Studio 15
VisualStudioVersion = 15.0.28010.2036
MinimumVisualStudioVersion = 10.0.40219.1
Project("{FAE04EC0-301F-11D3-BF4B-00C04F79EFBC}") = "ExerciseParallelIntervalsSolution", "ExerciseParallelTimeIntervals\ExerciseParallelIntervalsSolution.csproj", "{E8A52824-EB0B-4B0E-82B9-14EA8E99556B}"
EndProject
Project("{FAE04EC0-301F-11D3-BF4B-00C04F79EFBC}") = "ExerciseParallelIntervals", "ExerciseParallelIntervals\ExerciseParallelIntervals.csproj", "{F209DA7E-EC6B-4F82-99B7-3EFF00A7B025}"
EndProject
Global
	GlobalSection(SolutionConfigurationPlatforms) = preSolution
		Debug|Any CPU = Debug|Any CPU
		Release|Any CPU = Release|Any CPU
	EndGlobalSection
	GlobalSection(ProjectConfigurationPlatforms) = postSolution
		{E8A52824-EB0B-4B0E-82B9-14EA8E99556B}.Debug|Any CPU.ActiveCfg = Debug|Any CPU
		{E8A52824-EB0B-4B0E-82B9-14EA8E99556B}.Debug|Any CPU.Build.0 = Debug|Any CPU
		{E8A52824-EB0B-4B0E-82B9-14EA8E99556B}.Release|Any CPU.ActiveCfg = Release|Any CPU
		{E8A52824-EB0B-4B0E-82B9-14EA8E99556B}.Release|Any CPU.Build.0 = Release|Any CPU
		{F209DA7E-EC6B-4F82-99B7-3EFF00A7B025}.Debug|Any CPU.ActiveCfg = Debug|Any CPU
		{F209DA7E-EC6B-4F82-99B7-3EFF00A7B025}.Debug|Any CPU.Build.0 = Debug|Any CPU
		{F209DA7E-EC6B-4F82-99B7-3EFF00A7B025}.Release|Any CPU.ActiveCfg = Release|Any CPU
		{F209DA7E-EC6B-4F82-99B7-3EFF00A7B025}.Release|Any CPU.Build.0 = Release|Any CPU
	EndGlobalSection
	GlobalSection(SolutionProperties) = preSolution
		HideSolutionNode = FALSE
	EndGlobalSection
	GlobalSection(ExtensibilityGlobals) = postSolution
		SolutionGuid = {7A6F95E3-CC87-4BBA-8BD9-98E523883C45}
	EndGlobalSection
EndGlobal
